
Microsoft Visual Studio Solution File, Format Version 12.00
# Visual Studio Version 16
VisualStudioVersion = 16.0.31313.79
MinimumVisualStudioVersion = 10.0.40219.1
Project("{FAE04EC0-301F-11D3-BF4B-00C04F79EFBC}") = "CursedFort", "textAdventure\CursedFort.csproj", "{2ED9D830-CC7F-4556-8F9D-87F974C18909}"
EndProject
Global
	GlobalSection(SolutionConfigurationPlatforms) = preSolution
		Debug|Any CPU = Debug|Any CPU
		Release|Any CPU = Release|Any CPU
	EndGlobalSection
	GlobalSection(ProjectConfigurationPlatforms) = postSolution
		{2ED9D830-CC7F-4556-8F9D-87F974C18909}.Debug|Any CPU.ActiveCfg = Debug|Any CPU
		{2ED9D830-CC7F-4556-8F9D-87F974C18909}.Debug|Any CPU.Build.0 = Debug|Any CPU
		{2ED9D830-CC7F-4556-8F9D-87F974C18909}.Release|Any CPU.ActiveCfg = Release|Any CPU
		{2ED9D830-CC7F-4556-8F9D-87F974C18909}.Release|Any CPU.Build.0 = Release|Any CPU
	EndGlobalSection
	GlobalSection(SolutionProperties) = preSolution
		HideSolutionNode = FALSE
	EndGlobalSection
	GlobalSection(ExtensibilityGlobals) = postSolution
		SolutionGuid = {108877C2-CE63-4408-A547-134FD2219203}
	EndGlobalSection
EndGlobal
